// !$*UTF8*$!
{
	archiveVersion = 1;
	classes = {
	};
	objectVersion = 55;
	objects = {

/* Begin PBXBuildFile section */
		8CB892E3284C4430003B771B /* AppDelegate.swift in Sources */ = {isa = PBXBuildFile; fileRef = 8CB892E2284C4430003B771B /* AppDelegate.swift */; };
		8CB892E5284C4430003B771B /* GameScene.sks in Resources */ = {isa = PBXBuildFile; fileRef = 8CB892E4284C4430003B771B /* GameScene.sks */; };
		8CB892E7284C4430003B771B /* Actions.sks in Resources */ = {isa = PBXBuildFile; fileRef = 8CB892E6284C4430003B771B /* Actions.sks */; };
		8CB892E9284C4430003B771B /* GameScene.swift in Sources */ = {isa = PBXBuildFile; fileRef = 8CB892E8284C4430003B771B /* GameScene.swift */; };
		8CB892EB284C4430003B771B /* GameViewController.swift in Sources */ = {isa = PBXBuildFile; fileRef = 8CB892EA284C4430003B771B /* GameViewController.swift */; };
		8CB892EE284C4430003B771B /* Main.storyboard in Resources */ = {isa = PBXBuildFile; fileRef = 8CB892EC284C4430003B771B /* Main.storyboard */; };
		8CB892F0284C4432003B771B /* Assets.xcassets in Resources */ = {isa = PBXBuildFile; fileRef = 8CB892EF284C4432003B771B /* Assets.xcassets */; };
		8CB892F3284C4432003B771B /* LaunchScreen.storyboard in Resources */ = {isa = PBXBuildFile; fileRef = 8CB892F1284C4432003B771B /* LaunchScreen.storyboard */; };
		8CB892FD284C4432003B771B /* TD_RXTests.swift in Sources */ = {isa = PBXBuildFile; fileRef = 8CB892FC284C4432003B771B /* TD_RXTests.swift */; };
		8CB89307284C4432003B771B /* TD_RXUITests.swift in Sources */ = {isa = PBXBuildFile; fileRef = 8CB89306284C4432003B771B /* TD_RXUITests.swift */; };
		8CB89309284C4432003B771B /* TD_RXUITestsLaunchTests.swift in Sources */ = {isa = PBXBuildFile; fileRef = 8CB89308284C4432003B771B /* TD_RXUITestsLaunchTests.swift */; };
		8CB89316284D31FA003B771B /* MySceneTiled.sks in Resources */ = {isa = PBXBuildFile; fileRef = 8CB89315284D31FA003B771B /* MySceneTiled.sks */; };
		8CB89318284D3216003B771B /* MyTileSetG.sks in Resources */ = {isa = PBXBuildFile; fileRef = 8CB89317284D3216003B771B /* MyTileSetG.sks */; };
		8CB8931A284D32EA003B771B /* MyTileSetSec.sks in Resources */ = {isa = PBXBuildFile; fileRef = 8CB89319284D32EA003B771B /* MyTileSetSec.sks */; };
		8CB8931C284D3B00003B771B /* MySceneTiled.swift in Sources */ = {isa = PBXBuildFile; fileRef = 8CB8931B284D3B00003B771B /* MySceneTiled.swift */; };
		8CB8931F284D59F4003B771B /* Tower.swift in Sources */ = {isa = PBXBuildFile; fileRef = 8CB8931E284D59F4003B771B /* Tower.swift */; };
		8CB89322284D5A51003B771B /* Shot.swift in Sources */ = {isa = PBXBuildFile; fileRef = 8CB89321284D5A51003B771B /* Shot.swift */; };
		8CB89324284D5A5A003B771B /* CentralPillar.swift in Sources */ = {isa = PBXBuildFile; fileRef = 8CB89323284D5A5A003B771B /* CentralPillar.swift */; };
		8CB89326284D5A62003B771B /* Enemy.swift in Sources */ = {isa = PBXBuildFile; fileRef = 8CB89325284D5A62003B771B /* Enemy.swift */; };
		8CB89328284D6D4D003B771B /* GlobalStats.swift in Sources */ = {isa = PBXBuildFile; fileRef = 8CB89327284D6D4D003B771B /* GlobalStats.swift */; };
		8CB8932A284D6D5F003B771B /* TowerStats.swift in Sources */ = {isa = PBXBuildFile; fileRef = 8CB89329284D6D5F003B771B /* TowerStats.swift */; };
		8CB8932C284D6D6A003B771B /* ShotStats.swift in Sources */ = {isa = PBXBuildFile; fileRef = 8CB8932B284D6D6A003B771B /* ShotStats.swift */; };
		8CB8932E284D7AD6003B771B /* Direction.swift in Sources */ = {isa = PBXBuildFile; fileRef = 8CB8932D284D7AD6003B771B /* Direction.swift */; };
		8CB89331284D7C07003B771B /* ShotLogicStraight.swift in Sources */ = {isa = PBXBuildFile; fileRef = 8CB89330284D7C07003B771B /* ShotLogicStraight.swift */; };
		8CB89334284D7DAC003B771B /* GridState.swift in Sources */ = {isa = PBXBuildFile; fileRef = 8CB89333284D7DAC003B771B /* GridState.swift */; };
		8CB89336284D7DFA003B771B /* GridCell.swift in Sources */ = {isa = PBXBuildFile; fileRef = 8CB89335284D7DFA003B771B /* GridCell.swift */; };
		8CB89338284D7E3E003B771B /* GridLogic.swift in Sources */ = {isa = PBXBuildFile; fileRef = 8CB89337284D7E3E003B771B /* GridLogic.swift */; };
/* End PBXBuildFile section */

/* Begin PBXContainerItemProxy section */
		8CB892F9284C4432003B771B /* PBXContainerItemProxy */ = {
			isa = PBXContainerItemProxy;
			containerPortal = 8CB892D7284C4430003B771B /* Project object */;
			proxyType = 1;
			remoteGlobalIDString = 8CB892DE284C4430003B771B;
			remoteInfo = "TD-RX";
		};
		8CB89303284C4432003B771B /* PBXContainerItemProxy */ = {
			isa = PBXContainerItemProxy;
			containerPortal = 8CB892D7284C4430003B771B /* Project object */;
			proxyType = 1;
			remoteGlobalIDString = 8CB892DE284C4430003B771B;
			remoteInfo = "TD-RX";
		};
/* End PBXContainerItemProxy section */

/* Begin PBXFileReference section */
		8CB892DF284C4430003B771B /* TD-RX.app */ = {isa = PBXFileReference; explicitFileType = wrapper.application; includeInIndex = 0; path = "TD-RX.app"; sourceTree = BUILT_PRODUCTS_DIR; };
		8CB892E2284C4430003B771B /* AppDelegate.swift */ = {isa = PBXFileReference; lastKnownFileType = sourcecode.swift; path = AppDelegate.swift; sourceTree = "<group>"; };
		8CB892E4284C4430003B771B /* GameScene.sks */ = {isa = PBXFileReference; lastKnownFileType = file.sks; path = GameScene.sks; sourceTree = "<group>"; };
		8CB892E6284C4430003B771B /* Actions.sks */ = {isa = PBXFileReference; lastKnownFileType = file.sks; path = Actions.sks; sourceTree = "<group>"; };
		8CB892E8284C4430003B771B /* GameScene.swift */ = {isa = PBXFileReference; lastKnownFileType = sourcecode.swift; path = GameScene.swift; sourceTree = "<group>"; };
		8CB892EA284C4430003B771B /* GameViewController.swift */ = {isa = PBXFileReference; lastKnownFileType = sourcecode.swift; path = GameViewController.swift; sourceTree = "<group>"; };
		8CB892ED284C4430003B771B /* Base */ = {isa = PBXFileReference; lastKnownFileType = file.storyboard; name = Base; path = Base.lproj/Main.storyboard; sourceTree = "<group>"; };
		8CB892EF284C4432003B771B /* Assets.xcassets */ = {isa = PBXFileReference; lastKnownFileType = folder.assetcatalog; path = Assets.xcassets; sourceTree = "<group>"; };
		8CB892F2284C4432003B771B /* Base */ = {isa = PBXFileReference; lastKnownFileType = file.storyboard; name = Base; path = Base.lproj/LaunchScreen.storyboard; sourceTree = "<group>"; };
		8CB892F8284C4432003B771B /* TD-RXTests.xctest */ = {isa = PBXFileReference; explicitFileType = wrapper.cfbundle; includeInIndex = 0; path = "TD-RXTests.xctest"; sourceTree = BUILT_PRODUCTS_DIR; };
		8CB892FC284C4432003B771B /* TD_RXTests.swift */ = {isa = PBXFileReference; lastKnownFileType = sourcecode.swift; path = TD_RXTests.swift; sourceTree = "<group>"; };
		8CB89302284C4432003B771B /* TD-RXUITests.xctest */ = {isa = PBXFileReference; explicitFileType = wrapper.cfbundle; includeInIndex = 0; path = "TD-RXUITests.xctest"; sourceTree = BUILT_PRODUCTS_DIR; };
		8CB89306284C4432003B771B /* TD_RXUITests.swift */ = {isa = PBXFileReference; lastKnownFileType = sourcecode.swift; path = TD_RXUITests.swift; sourceTree = "<group>"; };
		8CB89308284C4432003B771B /* TD_RXUITestsLaunchTests.swift */ = {isa = PBXFileReference; lastKnownFileType = sourcecode.swift; path = TD_RXUITestsLaunchTests.swift; sourceTree = "<group>"; };
		8CB89315284D31FA003B771B /* MySceneTiled.sks */ = {isa = PBXFileReference; lastKnownFileType = file.sks; path = MySceneTiled.sks; sourceTree = "<group>"; };
		8CB89317284D3216003B771B /* MyTileSetG.sks */ = {isa = PBXFileReference; lastKnownFileType = file.sks; path = MyTileSetG.sks; sourceTree = "<group>"; };
		8CB89319284D32EA003B771B /* MyTileSetSec.sks */ = {isa = PBXFileReference; lastKnownFileType = file.sks; path = MyTileSetSec.sks; sourceTree = "<group>"; };
		8CB8931B284D3B00003B771B /* MySceneTiled.swift */ = {isa = PBXFileReference; lastKnownFileType = sourcecode.swift; path = MySceneTiled.swift; sourceTree = "<group>"; };
		8CB8931D284D52D7003B771B /* TD-RX.entitlements */ = {isa = PBXFileReference; lastKnownFileType = text.plist.entitlements; path = "TD-RX.entitlements"; sourceTree = "<group>"; };
		8CB8931E284D59F4003B771B /* Tower.swift */ = {isa = PBXFileReference; lastKnownFileType = sourcecode.swift; path = Tower.swift; sourceTree = "<group>"; };
		8CB89321284D5A51003B771B /* Shot.swift */ = {isa = PBXFileReference; lastKnownFileType = sourcecode.swift; path = Shot.swift; sourceTree = "<group>"; };
		8CB89323284D5A5A003B771B /* CentralPillar.swift */ = {isa = PBXFileReference; lastKnownFileType = sourcecode.swift; path = CentralPillar.swift; sourceTree = "<group>"; };
		8CB89325284D5A62003B771B /* Enemy.swift */ = {isa = PBXFileReference; lastKnownFileType = sourcecode.swift; path = Enemy.swift; sourceTree = "<group>"; };
		8CB89327284D6D4D003B771B /* GlobalStats.swift */ = {isa = PBXFileReference; lastKnownFileType = sourcecode.swift; path = GlobalStats.swift; sourceTree = "<group>"; };
		8CB89329284D6D5F003B771B /* TowerStats.swift */ = {isa = PBXFileReference; lastKnownFileType = sourcecode.swift; path = TowerStats.swift; sourceTree = "<group>"; };
		8CB8932B284D6D6A003B771B /* ShotStats.swift */ = {isa = PBXFileReference; lastKnownFileType = sourcecode.swift; path = ShotStats.swift; sourceTree = "<group>"; };
		8CB8932D284D7AD6003B771B /* Direction.swift */ = {isa = PBXFileReference; lastKnownFileType = sourcecode.swift; path = Direction.swift; sourceTree = "<group>"; };
		8CB89330284D7C07003B771B /* ShotLogicStraight.swift */ = {isa = PBXFileReference; lastKnownFileType = sourcecode.swift; path = ShotLogicStraight.swift; sourceTree = "<group>"; };
		8CB89333284D7DAC003B771B /* GridState.swift */ = {isa = PBXFileReference; lastKnownFileType = sourcecode.swift; path = GridState.swift; sourceTree = "<group>"; };
		8CB89335284D7DFA003B771B /* GridCell.swift */ = {isa = PBXFileReference; lastKnownFileType = sourcecode.swift; path = GridCell.swift; sourceTree = "<group>"; };
		8CB89337284D7E3E003B771B /* GridLogic.swift */ = {isa = PBXFileReference; lastKnownFileType = sourcecode.swift; path = GridLogic.swift; sourceTree = "<group>"; };
/* End PBXFileReference section */

/* Begin PBXFrameworksBuildPhase section */
		8CB892DC284C4430003B771B /* Frameworks */ = {
			isa = PBXFrameworksBuildPhase;
			buildActionMask = 2147483647;
			files = (
			);
			runOnlyForDeploymentPostprocessing = 0;
		};
		8CB892F5284C4432003B771B /* Frameworks */ = {
			isa = PBXFrameworksBuildPhase;
			buildActionMask = 2147483647;
			files = (
			);
			runOnlyForDeploymentPostprocessing = 0;
		};
		8CB892FF284C4432003B771B /* Frameworks */ = {
			isa = PBXFrameworksBuildPhase;
			buildActionMask = 2147483647;
			files = (
			);
			runOnlyForDeploymentPostprocessing = 0;
		};
/* End PBXFrameworksBuildPhase section */

/* Begin PBXGroup section */
		8CB892D6284C442F003B771B = {
			isa = PBXGroup;
			children = (
				8CB892E1284C4430003B771B /* TD-RX */,
				8CB892FB284C4432003B771B /* TD-RXTests */,
				8CB89305284C4432003B771B /* TD-RXUITests */,
				8CB892E0284C4430003B771B /* Products */,
			);
			sourceTree = "<group>";
		};
		8CB892E0284C4430003B771B /* Products */ = {
			isa = PBXGroup;
			children = (
				8CB892DF284C4430003B771B /* TD-RX.app */,
				8CB892F8284C4432003B771B /* TD-RXTests.xctest */,
				8CB89302284C4432003B771B /* TD-RXUITests.xctest */,
			);
			name = Products;
			sourceTree = "<group>";
		};
		8CB892E1284C4430003B771B /* TD-RX */ = {
			isa = PBXGroup;
			children = (
				8CB8931D284D52D7003B771B /* TD-RX.entitlements */,
				8CB892E2284C4430003B771B /* AppDelegate.swift */,
				8CB892E4284C4430003B771B /* GameScene.sks */,
				8CB892E6284C4430003B771B /* Actions.sks */,
				8CB892E8284C4430003B771B /* GameScene.swift */,
				8CB892EA284C4430003B771B /* GameViewController.swift */,
				8CB892EC284C4430003B771B /* Main.storyboard */,
				8CB892EF284C4432003B771B /* Assets.xcassets */,
				8CB892F1284C4432003B771B /* LaunchScreen.storyboard */,
				8CB89315284D31FA003B771B /* MySceneTiled.sks */,
				8CB8931B284D3B00003B771B /* MySceneTiled.swift */,
				8CB89319284D32EA003B771B /* MyTileSetSec.sks */,
				8CB89317284D3216003B771B /* MyTileSetG.sks */,
				8CB89320284D5A03003B771B /* GameElements */,
			);
			path = "TD-RX";
			sourceTree = "<group>";
		};
		8CB892FB284C4432003B771B /* TD-RXTests */ = {
			isa = PBXGroup;
			children = (
				8CB892FC284C4432003B771B /* TD_RXTests.swift */,
			);
			path = "TD-RXTests";
			sourceTree = "<group>";
		};
		8CB89305284C4432003B771B /* TD-RXUITests */ = {
			isa = PBXGroup;
			children = (
				8CB89306284C4432003B771B /* TD_RXUITests.swift */,
				8CB89308284C4432003B771B /* TD_RXUITestsLaunchTests.swift */,
			);
			path = "TD-RXUITests";
			sourceTree = "<group>";
		};
		8CB89320284D5A03003B771B /* GameElements */ = {
			isa = PBXGroup;
			children = (
				8CB89332284D7DA0003B771B /* Grid */,
				8CB8931E284D59F4003B771B /* Tower.swift */,
				8CB8932F284D7BF1003B771B /* Shot */,
				8CB89323284D5A5A003B771B /* CentralPillar.swift */,
				8CB89325284D5A62003B771B /* Enemy.swift */,
				8CB89327284D6D4D003B771B /* GlobalStats.swift */,
				8CB89329284D6D5F003B771B /* TowerStats.swift */,
				8CB8932B284D6D6A003B771B /* ShotStats.swift */,
				8CB8932D284D7AD6003B771B /* Direction.swift */,
			);
			path = GameElements;
			sourceTree = "<group>";
		};
		8CB8932F284D7BF1003B771B /* Shot */ = {
			isa = PBXGroup;
			children = (
				8CB89321284D5A51003B771B /* Shot.swift */,
				8CB89330284D7C07003B771B /* ShotLogicStraight.swift */,
			);
			path = Shot;
			sourceTree = "<group>";
		};
		8CB89332284D7DA0003B771B /* Grid */ = {
			isa = PBXGroup;
			children = (
				8CB89333284D7DAC003B771B /* GridState.swift */,
				8CB89335284D7DFA003B771B /* GridCell.swift */,
				8CB89337284D7E3E003B771B /* GridLogic.swift */,
			);
			path = Grid;
			sourceTree = "<group>";
		};
/* End PBXGroup section */

/* Begin PBXNativeTarget section */
		8CB892DE284C4430003B771B /* TD-RX */ = {
			isa = PBXNativeTarget;
			buildConfigurationList = 8CB8930C284C4432003B771B /* Build configuration list for PBXNativeTarget "TD-RX" */;
			buildPhases = (
				8CB892DB284C4430003B771B /* Sources */,
				8CB892DC284C4430003B771B /* Frameworks */,
				8CB892DD284C4430003B771B /* Resources */,
			);
			buildRules = (
			);
			dependencies = (
			);
			name = "TD-RX";
			productName = "TD-RX";
			productReference = 8CB892DF284C4430003B771B /* TD-RX.app */;
			productType = "com.apple.product-type.application";
		};
		8CB892F7284C4432003B771B /* TD-RXTests */ = {
			isa = PBXNativeTarget;
			buildConfigurationList = 8CB8930F284C4432003B771B /* Build configuration list for PBXNativeTarget "TD-RXTests" */;
			buildPhases = (
				8CB892F4284C4432003B771B /* Sources */,
				8CB892F5284C4432003B771B /* Frameworks */,
				8CB892F6284C4432003B771B /* Resources */,
			);
			buildRules = (
			);
			dependencies = (
				8CB892FA284C4432003B771B /* PBXTargetDependency */,
			);
			name = "TD-RXTests";
			productName = "TD-RXTests";
			productReference = 8CB892F8284C4432003B771B /* TD-RXTests.xctest */;
			productType = "com.apple.product-type.bundle.unit-test";
		};
		8CB89301284C4432003B771B /* TD-RXUITests */ = {
			isa = PBXNativeTarget;
			buildConfigurationList = 8CB89312284C4432003B771B /* Build configuration list for PBXNativeTarget "TD-RXUITests" */;
			buildPhases = (
				8CB892FE284C4432003B771B /* Sources */,
				8CB892FF284C4432003B771B /* Frameworks */,
				8CB89300284C4432003B771B /* Resources */,
			);
			buildRules = (
			);
			dependencies = (
				8CB89304284C4432003B771B /* PBXTargetDependency */,
			);
			name = "TD-RXUITests";
			productName = "TD-RXUITests";
			productReference = 8CB89302284C4432003B771B /* TD-RXUITests.xctest */;
			productType = "com.apple.product-type.bundle.ui-testing";
		};
/* End PBXNativeTarget section */

/* Begin PBXProject section */
		8CB892D7284C4430003B771B /* Project object */ = {
			isa = PBXProject;
			attributes = {
				BuildIndependentTargetsInParallel = 1;
				LastSwiftUpdateCheck = 1340;
				LastUpgradeCheck = 1340;
				TargetAttributes = {
					8CB892DE284C4430003B771B = {
						CreatedOnToolsVersion = 13.4.1;
					};
					8CB892F7284C4432003B771B = {
						CreatedOnToolsVersion = 13.4.1;
						TestTargetID = 8CB892DE284C4430003B771B;
					};
					8CB89301284C4432003B771B = {
						CreatedOnToolsVersion = 13.4.1;
						TestTargetID = 8CB892DE284C4430003B771B;
					};
				};
			};
			buildConfigurationList = 8CB892DA284C4430003B771B /* Build configuration list for PBXProject "TD-RX" */;
			compatibilityVersion = "Xcode 13.0";
			developmentRegion = en;
			hasScannedForEncodings = 0;
			knownRegions = (
				en,
				Base,
			);
			mainGroup = 8CB892D6284C442F003B771B;
			productRefGroup = 8CB892E0284C4430003B771B /* Products */;
			projectDirPath = "";
			projectRoot = "";
			targets = (
				8CB892DE284C4430003B771B /* TD-RX */,
				8CB892F7284C4432003B771B /* TD-RXTests */,
				8CB89301284C4432003B771B /* TD-RXUITests */,
			);
		};
/* End PBXProject section */

/* Begin PBXResourcesBuildPhase section */
		8CB892DD284C4430003B771B /* Resources */ = {
			isa = PBXResourcesBuildPhase;
			buildActionMask = 2147483647;
			files = (
				8CB89318284D3216003B771B /* MyTileSetG.sks in Resources */,
				8CB892EE284C4430003B771B /* Main.storyboard in Resources */,
				8CB8931A284D32EA003B771B /* MyTileSetSec.sks in Resources */,
				8CB89316284D31FA003B771B /* MySceneTiled.sks in Resources */,
				8CB892E5284C4430003B771B /* GameScene.sks in Resources */,
				8CB892F0284C4432003B771B /* Assets.xcassets in Resources */,
				8CB892F3284C4432003B771B /* LaunchScreen.storyboard in Resources */,
				8CB892E7284C4430003B771B /* Actions.sks in Resources */,
			);
			runOnlyForDeploymentPostprocessing = 0;
		};
		8CB892F6284C4432003B771B /* Resources */ = {
			isa = PBXResourcesBuildPhase;
			buildActionMask = 2147483647;
			files = (
			);
			runOnlyForDeploymentPostprocessing = 0;
		};
		8CB89300284C4432003B771B /* Resources */ = {
			isa = PBXResourcesBuildPhase;
			buildActionMask = 2147483647;
			files = (
			);
			runOnlyForDeploymentPostprocessing = 0;
		};
/* End PBXResourcesBuildPhase section */

/* Begin PBXSourcesBuildPhase section */
		8CB892DB284C4430003B771B /* Sources */ = {
			isa = PBXSourcesBuildPhase;
			buildActionMask = 2147483647;
			files = (
				8CB892E9284C4430003B771B /* GameScene.swift in Sources */,
				8CB892EB284C4430003B771B /* GameViewController.swift in Sources */,
				8CB89328284D6D4D003B771B /* GlobalStats.swift in Sources */,
				8CB8932C284D6D6A003B771B /* ShotStats.swift in Sources */,
				8CB8931F284D59F4003B771B /* Tower.swift in Sources */,
				8CB89334284D7DAC003B771B /* GridState.swift in Sources */,
				8CB89322284D5A51003B771B /* Shot.swift in Sources */,
				8CB89331284D7C07003B771B /* ShotLogicStraight.swift in Sources */,
				8CB89326284D5A62003B771B /* Enemy.swift in Sources */,
				8CB892E3284C4430003B771B /* AppDelegate.swift in Sources */,
				8CB8932A284D6D5F003B771B /* TowerStats.swift in Sources */,
				8CB8931C284D3B00003B771B /* MySceneTiled.swift in Sources */,
				8CB89324284D5A5A003B771B /* CentralPillar.swift in Sources */,
				8CB8932E284D7AD6003B771B /* Direction.swift in Sources */,
				8CB89338284D7E3E003B771B /* GridLogic.swift in Sources */,
				8CB89336284D7DFA003B771B /* GridCell.swift in Sources */,
			);
			runOnlyForDeploymentPostprocessing = 0;
		};
		8CB892F4284C4432003B771B /* Sources */ = {
			isa = PBXSourcesBuildPhase;
			buildActionMask = 2147483647;
			files = (
				8CB892FD284C4432003B771B /* TD_RXTests.swift in Sources */,
			);
			runOnlyForDeploymentPostprocessing = 0;
		};
		8CB892FE284C4432003B771B /* Sources */ = {
			isa = PBXSourcesBuildPhase;
			buildActionMask = 2147483647;
			files = (
				8CB89309284C4432003B771B /* TD_RXUITestsLaunchTests.swift in Sources */,
				8CB89307284C4432003B771B /* TD_RXUITests.swift in Sources */,
			);
			runOnlyForDeploymentPostprocessing = 0;
		};
/* End PBXSourcesBuildPhase section */

/* Begin PBXTargetDependency section */
		8CB892FA284C4432003B771B /* PBXTargetDependency */ = {
			isa = PBXTargetDependency;
			target = 8CB892DE284C4430003B771B /* TD-RX */;
			targetProxy = 8CB892F9284C4432003B771B /* PBXContainerItemProxy */;
		};
		8CB89304284C4432003B771B /* PBXTargetDependency */ = {
			isa = PBXTargetDependency;
			target = 8CB892DE284C4430003B771B /* TD-RX */;
			targetProxy = 8CB89303284C4432003B771B /* PBXContainerItemProxy */;
		};
/* End PBXTargetDependency section */

/* Begin PBXVariantGroup section */
		8CB892EC284C4430003B771B /* Main.storyboard */ = {
			isa = PBXVariantGroup;
			children = (
				8CB892ED284C4430003B771B /* Base */,
			);
			name = Main.storyboard;
			sourceTree = "<group>";
		};
		8CB892F1284C4432003B771B /* LaunchScreen.storyboard */ = {
			isa = PBXVariantGroup;
			children = (
				8CB892F2284C4432003B771B /* Base */,
			);
			name = LaunchScreen.storyboard;
			sourceTree = "<group>";
		};
/* End PBXVariantGroup section */

/* Begin XCBuildConfiguration section */
		8CB8930A284C4432003B771B /* Debug */ = {
			isa = XCBuildConfiguration;
			buildSettings = {
				ALWAYS_SEARCH_USER_PATHS = NO;
				CLANG_ANALYZER_NONNULL = YES;
				CLANG_ANALYZER_NUMBER_OBJECT_CONVERSION = YES_AGGRESSIVE;
				CLANG_CXX_LANGUAGE_STANDARD = "gnu++17";
				CLANG_ENABLE_MODULES = YES;
				CLANG_ENABLE_OBJC_ARC = YES;
				CLANG_ENABLE_OBJC_WEAK = YES;
				CLANG_WARN_BLOCK_CAPTURE_AUTORELEASING = YES;
				CLANG_WARN_BOOL_CONVERSION = YES;
				CLANG_WARN_COMMA = YES;
				CLANG_WARN_CONSTANT_CONVERSION = YES;
				CLANG_WARN_DEPRECATED_OBJC_IMPLEMENTATIONS = YES;
				CLANG_WARN_DIRECT_OBJC_ISA_USAGE = YES_ERROR;
				CLANG_WARN_DOCUMENTATION_COMMENTS = YES;
				CLANG_WARN_EMPTY_BODY = YES;
				CLANG_WARN_ENUM_CONVERSION = YES;
				CLANG_WARN_INFINITE_RECURSION = YES;
				CLANG_WARN_INT_CONVERSION = YES;
				CLANG_WARN_NON_LITERAL_NULL_CONVERSION = YES;
				CLANG_WARN_OBJC_IMPLICIT_RETAIN_SELF = YES;
				CLANG_WARN_OBJC_LITERAL_CONVERSION = YES;
				CLANG_WARN_OBJC_ROOT_CLASS = YES_ERROR;
				CLANG_WARN_QUOTED_INCLUDE_IN_FRAMEWORK_HEADER = YES;
				CLANG_WARN_RANGE_LOOP_ANALYSIS = YES;
				CLANG_WARN_STRICT_PROTOTYPES = YES;
				CLANG_WARN_SUSPICIOUS_MOVE = YES;
				CLANG_WARN_UNGUARDED_AVAILABILITY = YES_AGGRESSIVE;
				CLANG_WARN_UNREACHABLE_CODE = YES;
				CLANG_WARN__DUPLICATE_METHOD_MATCH = YES;
				COPY_PHASE_STRIP = NO;
				DEBUG_INFORMATION_FORMAT = dwarf;
				ENABLE_STRICT_OBJC_MSGSEND = YES;
				ENABLE_TESTABILITY = YES;
				GCC_C_LANGUAGE_STANDARD = gnu11;
				GCC_DYNAMIC_NO_PIC = NO;
				GCC_NO_COMMON_BLOCKS = YES;
				GCC_OPTIMIZATION_LEVEL = 0;
				GCC_PREPROCESSOR_DEFINITIONS = (
					"DEBUG=1",
					"$(inherited)",
				);
				GCC_WARN_64_TO_32_BIT_CONVERSION = YES;
				GCC_WARN_ABOUT_RETURN_TYPE = YES_ERROR;
				GCC_WARN_UNDECLARED_SELECTOR = YES;
				GCC_WARN_UNINITIALIZED_AUTOS = YES_AGGRESSIVE;
				GCC_WARN_UNUSED_FUNCTION = YES;
				GCC_WARN_UNUSED_VARIABLE = YES;
				IPHONEOS_DEPLOYMENT_TARGET = 15.5;
				MTL_ENABLE_DEBUG_INFO = INCLUDE_SOURCE;
				MTL_FAST_MATH = YES;
				ONLY_ACTIVE_ARCH = YES;
				SDKROOT = iphoneos;
				SWIFT_ACTIVE_COMPILATION_CONDITIONS = DEBUG;
				SWIFT_OPTIMIZATION_LEVEL = "-Onone";
			};
			name = Debug;
		};
		8CB8930B284C4432003B771B /* Release */ = {
			isa = XCBuildConfiguration;
			buildSettings = {
				ALWAYS_SEARCH_USER_PATHS = NO;
				CLANG_ANALYZER_NONNULL = YES;
				CLANG_ANALYZER_NUMBER_OBJECT_CONVERSION = YES_AGGRESSIVE;
				CLANG_CXX_LANGUAGE_STANDARD = "gnu++17";
				CLANG_ENABLE_MODULES = YES;
				CLANG_ENABLE_OBJC_ARC = YES;
				CLANG_ENABLE_OBJC_WEAK = YES;
				CLANG_WARN_BLOCK_CAPTURE_AUTORELEASING = YES;
				CLANG_WARN_BOOL_CONVERSION = YES;
				CLANG_WARN_COMMA = YES;
				CLANG_WARN_CONSTANT_CONVERSION = YES;
				CLANG_WARN_DEPRECATED_OBJC_IMPLEMENTATIONS = YES;
				CLANG_WARN_DIRECT_OBJC_ISA_USAGE = YES_ERROR;
				CLANG_WARN_DOCUMENTATION_COMMENTS = YES;
				CLANG_WARN_EMPTY_BODY = YES;
				CLANG_WARN_ENUM_CONVERSION = YES;
				CLANG_WARN_INFINITE_RECURSION = YES;
				CLANG_WARN_INT_CONVERSION = YES;
				CLANG_WARN_NON_LITERAL_NULL_CONVERSION = YES;
				CLANG_WARN_OBJC_IMPLICIT_RETAIN_SELF = YES;
				CLANG_WARN_OBJC_LITERAL_CONVERSION = YES;
				CLANG_WARN_OBJC_ROOT_CLASS = YES_ERROR;
				CLANG_WARN_QUOTED_INCLUDE_IN_FRAMEWORK_HEADER = YES;
				CLANG_WARN_RANGE_LOOP_ANALYSIS = YES;
				CLANG_WARN_STRICT_PROTOTYPES = YES;
				CLANG_WARN_SUSPICIOUS_MOVE = YES;
				CLANG_WARN_UNGUARDED_AVAILABILITY = YES_AGGRESSIVE;
				CLANG_WARN_UNREACHABLE_CODE = YES;
				CLANG_WARN__DUPLICATE_METHOD_MATCH = YES;
				COPY_PHASE_STRIP = NO;
				DEBUG_INFORMATION_FORMAT = "dwarf-with-dsym";
				ENABLE_NS_ASSERTIONS = NO;
				ENABLE_STRICT_OBJC_MSGSEND = YES;
				GCC_C_LANGUAGE_STANDARD = gnu11;
				GCC_NO_COMMON_BLOCKS = YES;
				GCC_WARN_64_TO_32_BIT_CONVERSION = YES;
				GCC_WARN_ABOUT_RETURN_TYPE = YES_ERROR;
				GCC_WARN_UNDECLARED_SELECTOR = YES;
				GCC_WARN_UNINITIALIZED_AUTOS = YES_AGGRESSIVE;
				GCC_WARN_UNUSED_FUNCTION = YES;
				GCC_WARN_UNUSED_VARIABLE = YES;
				IPHONEOS_DEPLOYMENT_TARGET = 15.5;
				MTL_ENABLE_DEBUG_INFO = NO;
				MTL_FAST_MATH = YES;
				SDKROOT = iphoneos;
				SWIFT_COMPILATION_MODE = wholemodule;
				SWIFT_OPTIMIZATION_LEVEL = "-O";
				VALIDATE_PRODUCT = YES;
			};
			name = Release;
		};
		8CB8930D284C4432003B771B /* Debug */ = {
			isa = XCBuildConfiguration;
			buildSettings = {
				ASSETCATALOG_COMPILER_APPICON_NAME = AppIcon;
				ASSETCATALOG_COMPILER_GLOBAL_ACCENT_COLOR_NAME = AccentColor;
				CODE_SIGN_ENTITLEMENTS = "TD-RX/TD-RX.entitlements";
				CODE_SIGN_STYLE = Automatic;
				CURRENT_PROJECT_VERSION = 1;
				DEVELOPMENT_TEAM = 3J9DF9CVA4;
				GENERATE_INFOPLIST_FILE = YES;
				INFOPLIST_KEY_LSApplicationCategoryType = "public.app-category.simulation-games";
				INFOPLIST_KEY_UIApplicationSupportsIndirectInputEvents = YES;
				INFOPLIST_KEY_UILaunchStoryboardName = LaunchScreen;
				INFOPLIST_KEY_UIMainStoryboardFile = Main;
				INFOPLIST_KEY_UIStatusBarHidden = YES;
				INFOPLIST_KEY_UISupportedInterfaceOrientations = "UIInterfaceOrientationLandscapeLeft UIInterfaceOrientationLandscapeRight";
				INFOPLIST_KEY_UISupportedInterfaceOrientations_iPad = "UIInterfaceOrientationPortrait UIInterfaceOrientationPortraitUpsideDown UIInterfaceOrientationLandscapeLeft UIInterfaceOrientationLandscapeRight";
				INFOPLIST_KEY_UISupportedInterfaceOrientations_iPhone = "UIInterfaceOrientationPortrait UIInterfaceOrientationLandscapeLeft UIInterfaceOrientationLandscapeRight";
				LD_RUNPATH_SEARCH_PATHS = (
					"$(inherited)",
					"@executable_path/Frameworks",
				);
				MARKETING_VERSION = 1.0;
				PRODUCT_BUNDLE_IDENTIFIER = "com.gcc.TD-RX";
				PRODUCT_NAME = "$(TARGET_NAME)";
				SUPPORTS_MACCATALYST = YES;
				SWIFT_EMIT_LOC_STRINGS = YES;
				SWIFT_VERSION = 5.0;
				TARGETED_DEVICE_FAMILY = "1,2";
			};
			name = Debug;
		};
		8CB8930E284C4432003B771B /* Release */ = {
			isa = XCBuildConfiguration;
			buildSettings = {
				ASSETCATALOG_COMPILER_APPICON_NAME = AppIcon;
				ASSETCATALOG_COMPILER_GLOBAL_ACCENT_COLOR_NAME = AccentColor;
				CODE_SIGN_ENTITLEMENTS = "TD-RX/TD-RX.entitlements";
				CODE_SIGN_STYLE = Automatic;
				CURRENT_PROJECT_VERSION = 1;
				DEVELOPMENT_TEAM = 3J9DF9CVA4;
				GENERATE_INFOPLIST_FILE = YES;
				INFOPLIST_KEY_LSApplicationCategoryType = "public.app-category.simulation-games";
				INFOPLIST_KEY_UIApplicationSupportsIndirectInputEvents = YES;
				INFOPLIST_KEY_UILaunchStoryboardName = LaunchScreen;
				INFOPLIST_KEY_UIMainStoryboardFile = Main;
				INFOPLIST_KEY_UIStatusBarHidden = YES;
				INFOPLIST_KEY_UISupportedInterfaceOrientations = "UIInterfaceOrientationLandscapeLeft UIInterfaceOrientationLandscapeRight";
				INFOPLIST_KEY_UISupportedInterfaceOrientations_iPad = "UIInterfaceOrientationPortrait UIInterfaceOrientationPortraitUpsideDown UIInterfaceOrientationLandscapeLeft UIInterfaceOrientationLandscapeRight";
				INFOPLIST_KEY_UISupportedInterfaceOrientations_iPhone = "UIInterfaceOrientationPortrait UIInterfaceOrientationLandscapeLeft UIInterfaceOrientationLandscapeRight";
				LD_RUNPATH_SEARCH_PATHS = (
					"$(inherited)",
					"@executable_path/Frameworks",
				);
				MARKETING_VERSION = 1.0;
				PRODUCT_BUNDLE_IDENTIFIER = "com.gcc.TD-RX";
				PRODUCT_NAME = "$(TARGET_NAME)";
				SUPPORTS_MACCATALYST = YES;
				SWIFT_EMIT_LOC_STRINGS = YES;
				SWIFT_VERSION = 5.0;
				TARGETED_DEVICE_FAMILY = "1,2";
			};
			name = Release;
		};
		8CB89310284C4432003B771B /* Debug */ = {
			isa = XCBuildConfiguration;
			buildSettings = {
				ALWAYS_EMBED_SWIFT_STANDARD_LIBRARIES = YES;
				BUNDLE_LOADER = "$(TEST_HOST)";
				CODE_SIGN_STYLE = Automatic;
				CURRENT_PROJECT_VERSION = 1;
				DEVELOPMENT_TEAM = 3J9DF9CVA4;
				GENERATE_INFOPLIST_FILE = YES;
				IPHONEOS_DEPLOYMENT_TARGET = 15.5;
				MARKETING_VERSION = 1.0;
				PRODUCT_BUNDLE_IDENTIFIER = "com.gcc.TD-RXTests";
				PRODUCT_NAME = "$(TARGET_NAME)";
				SWIFT_EMIT_LOC_STRINGS = NO;
				SWIFT_VERSION = 5.0;
				TARGETED_DEVICE_FAMILY = "1,2";
				TEST_HOST = "$(BUILT_PRODUCTS_DIR)/TD-RX.app/TD-RX";
			};
			name = Debug;
		};
		8CB89311284C4432003B771B /* Release */ = {
			isa = XCBuildConfiguration;
			buildSettings = {
				ALWAYS_EMBED_SWIFT_STANDARD_LIBRARIES = YES;
				BUNDLE_LOADER = "$(TEST_HOST)";
				CODE_SIGN_STYLE = Automatic;
				CURRENT_PROJECT_VERSION = 1;
				DEVELOPMENT_TEAM = 3J9DF9CVA4;
				GENERATE_INFOPLIST_FILE = YES;
				IPHONEOS_DEPLOYMENT_TARGET = 15.5;
				MARKETING_VERSION = 1.0;
				PRODUCT_BUNDLE_IDENTIFIER = "com.gcc.TD-RXTests";
				PRODUCT_NAME = "$(TARGET_NAME)";
				SWIFT_EMIT_LOC_STRINGS = NO;
				SWIFT_VERSION = 5.0;
				TARGETED_DEVICE_FAMILY = "1,2";
				TEST_HOST = "$(BUILT_PRODUCTS_DIR)/TD-RX.app/TD-RX";
			};
			name = Release;
		};
		8CB89313284C4432003B771B /* Debug */ = {
			isa = XCBuildConfiguration;
			buildSettings = {
				ALWAYS_EMBED_SWIFT_STANDARD_LIBRARIES = YES;
				CODE_SIGN_STYLE = Automatic;
				CURRENT_PROJECT_VERSION = 1;
				DEVELOPMENT_TEAM = 3J9DF9CVA4;
				GENERATE_INFOPLIST_FILE = YES;
				MARKETING_VERSION = 1.0;
				PRODUCT_BUNDLE_IDENTIFIER = "com.gcc.TD-RXUITests";
				PRODUCT_NAME = "$(TARGET_NAME)";
				SWIFT_EMIT_LOC_STRINGS = NO;
				SWIFT_VERSION = 5.0;
				TARGETED_DEVICE_FAMILY = "1,2";
				TEST_TARGET_NAME = "TD-RX";
			};
			name = Debug;
		};
		8CB89314284C4432003B771B /* Release */ = {
			isa = XCBuildConfiguration;
			buildSettings = {
				ALWAYS_EMBED_SWIFT_STANDARD_LIBRARIES = YES;
				CODE_SIGN_STYLE = Automatic;
				CURRENT_PROJECT_VERSION = 1;
				DEVELOPMENT_TEAM = 3J9DF9CVA4;
				GENERATE_INFOPLIST_FILE = YES;
				MARKETING_VERSION = 1.0;
				PRODUCT_BUNDLE_IDENTIFIER = "com.gcc.TD-RXUITests";
				PRODUCT_NAME = "$(TARGET_NAME)";
				SWIFT_EMIT_LOC_STRINGS = NO;
				SWIFT_VERSION = 5.0;
				TARGETED_DEVICE_FAMILY = "1,2";
				TEST_TARGET_NAME = "TD-RX";
			};
			name = Release;
		};
/* End XCBuildConfiguration section */

/* Begin XCConfigurationList section */
		8CB892DA284C4430003B771B /* Build configuration list for PBXProject "TD-RX" */ = {
			isa = XCConfigurationList;
			buildConfigurations = (
				8CB8930A284C4432003B771B /* Debug */,
				8CB8930B284C4432003B771B /* Release */,
			);
			defaultConfigurationIsVisible = 0;
			defaultConfigurationName = Release;
		};
		8CB8930C284C4432003B771B /* Build configuration list for PBXNativeTarget "TD-RX" */ = {
			isa = XCConfigurationList;
			buildConfigurations = (
				8CB8930D284C4432003B771B /* Debug */,
				8CB8930E284C4432003B771B /* Release */,
			);
			defaultConfigurationIsVisible = 0;
			defaultConfigurationName = Release;
		};
		8CB8930F284C4432003B771B /* Build configuration list for PBXNativeTarget "TD-RXTests" */ = {
			isa = XCConfigurationList;
			buildConfigurations = (
				8CB89310284C4432003B771B /* Debug */,
				8CB89311284C4432003B771B /* Release */,
			);
			defaultConfigurationIsVisible = 0;
			defaultConfigurationName = Release;
		};
		8CB89312284C4432003B771B /* Build configuration list for PBXNativeTarget "TD-RXUITests" */ = {
			isa = XCConfigurationList;
			buildConfigurations = (
				8CB89313284C4432003B771B /* Debug */,
				8CB89314284C4432003B771B /* Release */,
			);
			defaultConfigurationIsVisible = 0;
			defaultConfigurationName = Release;
		};
/* End XCConfigurationList section */
	};
	rootObject = 8CB892D7284C4430003B771B /* Project object */;
}
